
Microsoft Visual Studio Solution File, Format Version 11.00
# Visual Studio 2010
Project("{8BC9CEB8-8B4A-11D0-8D11-00A0C91BC942}") = "illogical", "illogical\illogical.vcxproj", "{FA4981FF-D820-4B93-9355-B3D5B4CC7AAC}"
EndProject
Global
	GlobalSection(SolutionConfigurationPlatforms) = preSolution
		Debug|Win32 = Debug|Win32
	EndGlobalSection
	GlobalSection(ProjectConfigurationPlatforms) = postSolution
		{FA4981FF-D820-4B93-9355-B3D5B4CC7AAC}.Debug|Win32.ActiveCfg = Debug|Win32
		{FA4981FF-D820-4B93-9355-B3D5B4CC7AAC}.Debug|Win32.Build.0 = Debug|Win32
	EndGlobalSection
	GlobalSection(SolutionProperties) = preSolution
		HideSolutionNode = FALSE
	EndGlobalSection
EndGlobal
